
Microsoft Visual Studio Solution File, Format Version 12.00
# Visual Studio 15
VisualStudioVersion = 15.0.27130.2027
MinimumVisualStudioVersion = 10.0.40219.1
Project("{FAE04EC0-301F-11D3-BF4B-00C04F79EFBC}") = "ASPNET UI-ROUTER", "ASPNET UI-ROUTER\ASPNET UI-ROUTER.csproj", "{1496BAB5-13CD-4A68-B346-BDF7D741C3C0}"
EndProject
Global
	GlobalSection(SolutionConfigurationPlatforms) = preSolution
		Debug|Any CPU = Debug|Any CPU
		Release|Any CPU = Release|Any CPU
	EndGlobalSection
	GlobalSection(ProjectConfigurationPlatforms) = postSolution
		{1496BAB5-13CD-4A68-B346-BDF7D741C3C0}.Debug|Any CPU.ActiveCfg = Debug|Any CPU
		{1496BAB5-13CD-4A68-B346-BDF7D741C3C0}.Debug|Any CPU.Build.0 = Debug|Any CPU
		{1496BAB5-13CD-4A68-B346-BDF7D741C3C0}.Release|Any CPU.ActiveCfg = Release|Any CPU
		{1496BAB5-13CD-4A68-B346-BDF7D741C3C0}.Release|Any CPU.Build.0 = Release|Any CPU
	EndGlobalSection
	GlobalSection(SolutionProperties) = preSolution
		HideSolutionNode = FALSE
	EndGlobalSection
	GlobalSection(ExtensibilityGlobals) = postSolution
		SolutionGuid = {8FCA36BD-8827-48B1-BB32-99E31D7270A7}
	EndGlobalSection
EndGlobal
